<?xml version="1.0" encoding="UTF-8" standalone="yes" ?>
<CodeBlocks_project_file>
	<FileVersion major="1" minor="6" />
	<Project>
		<Option title="Luna-Engine" />
		<Option makefile="makefile" />
		<Option pch_mode="0" />
		<Option default_target="Linux Debug" />
		<Option compiler="gcc" />
		<Build>
			<Target title="Linux Debug">
				<Option platforms="Unix;" />
				<Option output="./GAME/Luna" prefix_auto="0" extension_auto="0" />
				<Option working_dir="GAME" />
				<Option object_output=".dobjs" />
				<Option type="1" />
				<Option compiler="gcc" />
				<Option projectResourceIncludeDirsRelation="1" />
				<Compiler>
					<Add option="-fpermissive" />
					<Add option="-DPYTHON" />
				</Compiler>
			</Target>
			<Target title="Linux Release">
				<Option platforms="Unix;" />
				<Option output="./GAME/dLuna" prefix_auto="0" extension_auto="0" />
				<Option working_dir="./GAME/" />
				<Option object_output=".robjs" />
				<Option type="1" />
				<Option compiler="gcc" />
				<Option projectResourceIncludeDirsRelation="0" />
				<Compiler>
					<Add option="-O2" />
					<Add option="-fpermissive" />
					<Add option="-DNDEBUG" />
					<Add option="-DPYTHON" />
				</Compiler>
				<Linker>
					<Add option="-s" />
				</Linker>
			</Target>
			<Target title="WinDebug">
				<Option output="./mtar.dll" prefix_auto="0" extension_auto="0" />
				<Option type="3" />
				<Option compiler="gcc" />
				<Option projectLinkerOptionsRelation="1" />
				<Option projectIncludeDirsRelation="1" />
				<Option projectResourceIncludeDirsRelation="0" />
				<Option projectLibDirsRelation="1" />
				<Compiler>
					<Add option="-DCOMPRESS" />
					<Add option="-DWIN64" />
					<Add option="-DWIN32" />
					<Add directory="../libs/pthreads-w32-2-8-0-release" />
					<Add directory="../libs/bullet-2.75/src" />
					<Add directory="../libs/libogg-1.1.4/include" />
					<Add directory="../libs/libvorbis-1.2.3/include" />
					<Add directory="../libs/freetype-2.3.9/include" />
					<Add directory="C:/Program Files/OpenAL 1.1 SDK" />
					<Add directory="../libs/net/enet-1.2.1/include" />
					<Add directory="../libs/net/irrNetLite21" />
					<Add directory="../libs/ffmpeg-0.5/libavcodec" />
					<Add directory="../libs/ffmpeg-0.5/libavdevice" />
					<Add directory="../libs/ffmpeg-0.5/" />
					<Add directory="../libs/ffmpeg-0.5/libavformat" />
					<Add directory="../libs/ffmpeg-0.5/libswscale" />
					<Add directory="C:/Program Files/Python2.6/include" />
					<Add directory="../libs/cAudio2/include" />
					<Add directory="../libs/net/syncsys/include" />
					<Add directory="../libs/angelscript/include" />
					<Add directory="../libs/angelscript" />
					<Add directory="../libs/SparkEngine/include" />
				</Compiler>
				<Linker>
					<Add library="WSock32" />
					<Add library="Winmm" />
					<Add directory="../libs/bullet-2.75/out/release71/libs" />
					<Add directory="../libs/irrlicht-1.6/lib/Win32-gcc" />
					<Add directory="C:/Program Files/OpenAL 1.1 SDK/libs/Win32" />
					<Add directory="../libs/libogg-1.1.4/" />
					<Add directory="../libs/libvorbis-1.2.3/" />
					<Add directory="../libs/freetype-2.3.9" />
					<Add directory="../libs/pthreads-w32-2-8-0-release" />
					<Add directory="../libs/net/irrNetLite21" />
					<Add directory="../libs/net/enet-1.2.1" />
					<Add directory="C:/Program Files/Python2.6/libs" />
					<Add directory="C:/Dev/Agnostic/Libs/bullet/out/release8/libs" />
					<Add directory="../libs/net/enet-1.2/bin/Debug" />
					<Add directory="../libs/cAudio2/bin/win32-gcc" />
					<Add directory="../libs/angelscript" />
					<Add directory="../libs/zlib-1.2.3" />
					<Add directory="../libs/SparkEngine/lib/mingw/static" />
				</Linker>
			</Target>
			<Target title="WinRelease">
				<Option output="./mtar.dll" imp_lib="$(TARGET_OUTPUT_DIR)$(TARGET_OUTPUT_BASENAME).a" def_file="$(TARGET_OUTPUT_DIR)$(TARGET_OUTPUT_BASENAME).def" prefix_auto="0" extension_auto="0" />
				<Option type="3" />
				<Option compiler="gcc" />
				<Option projectResourceIncludeDirsRelation="0" />
				<Compiler>
					<Add option="-march=pentium3" />
					<Add option="-O2" />
					<Add option="-DNDEBUG" />
					<Add directory="../libs/pthreads-w32-2-8-0-release" />
					<Add directory="../libs/bullet/src" />
					<Add directory="../libs/libogg-1.1.4/include" />
					<Add directory="../libs/libvorbis-1.2.3/include" />
					<Add directory="../libs/freetype-2.3.9/include" />
					<Add directory="C:/Program Files/OpenAL 1.1 SDK" />
					<Add directory="../libs/net/enet-1.2.1/include" />
					<Add directory="../libs/net/irrNetLite21" />
					<Add directory="../libs/ffmpeg-0.5/libavcodec" />
					<Add directory="../libs/ffmpeg-0.5/libavdevice" />
					<Add directory="../libs/ffmpeg-0.5/" />
					<Add directory="../libs/ffmpeg-0.5/libavformat" />
					<Add directory="../libs/ffmpeg-0.5/libswscale" />
					<Add directory="C:/Program Files/Python2.6/include" />
					<Add directory="../libs/cAudio2/include" />
				</Compiler>
				<Linker>
					<Add option="-s" />
					<Add library="OpenAL32" />
					<Add library="WSock32" />
					<Add library="Winmm" />
					<Add library="python26" />
					<Add library="irrnet" />
					<Add library="pthreads" />
					<Add library="cAudio" />
					<Add directory="../libs/bullet/out/release8/libs" />
					<Add directory="C:/Program Files/OpenAL 1.1 SDK/libs/Win32" />
					<Add directory="../libs/libogg-1.1.4/" />
					<Add directory="../libs/libvorbis-1.2.3/" />
					<Add directory="../libs/freetype-2.3.9" />
					<Add directory="../libs/pthreads-w32-2-8-0-release" />
					<Add directory="../libs/net/irrNetLite21" />
					<Add directory="../libs/net/enet-1.2.1/bin/Release" />
					<Add directory="C:/Program Files/Python2.6/libs" />
					<Add directory="C:/Dev/Agnostic/Libs/bullet/out/release8/libs" />
					<Add directory="../libs/net/enet-1.2/bin/Debug" />
				</Linker>
			</Target>
		</Build>
		<VirtualTargets>
			<Add alias="All" targets="Linux Debug;Linux Release;" />
		</VirtualTargets>
		<Compiler>
			<Add option="-I/usr/include/atk-1.0 -I/usr/include/pango-1.0" />
			<Add option="-I/usr/include/pixman-1" />
			<Add option="`pkg-config gtk+-2.0 --cflags`" />
			<Add option="-fpermissive" />
			<Add option="-DPARTICLES" />
			<Add directory="../LunaLibs/irrlicht-1.8.4/source/Irrlicht" />
			<Add directory="../LunaLibs/irrlicht-1.8.4/include" />
			<Add directory="../LunaLibs/net/irrNetLite22" />
			<Add directory="../LunaLibs/freetype-2.3.9/include" />
			<Add directory="../LunaLibs/net/enet-1.2.1/include" />
			<Add directory="FileSystem/readblend" />
			<Add directory="../LunaLibs/libtheora-1.1.1/include/theora" />
			<Add directory="../LunaLibs/libtheoraplayer/include" />
			<Add directory="/usr/include/AL" />
			<Add directory="/usr/include/python" />
			<Add directory="./entities/AI/recast/RecastDemo/Include" />
			<Add directory="./entities/AI/recast/DebugUtils/Include" />
			<Add directory="./entities/AI/recast/Recast/Include" />
			<Add directory="./entities/AI/recast/Detour/Include" />
			<Add directory="./entities/AI/recast/DetourCrowd/Include" />
			<Add directory="./entities/AI/recast/DetourTileCache/Include" />
			<Add directory="../LunaLibs/libIrrOpenSteer_10-02-15/include" />
			<Add directory="../LunaLibs/assimp-3.3.1/include" />
			<Add directory="../LunaLibs/Scripting/sqplus-code/sqplus" />
			<Add directory="../LunaLibs/Scripting/sqplus-code/include" />
			<Add directory="../LunaLibs/cAudio23/cAudio/include" />
			<Add directory="../LunaLibs/cAudio23/include" />
			<Add directory="Scene/SPARK" />
			<Add directory="../LunaLibs/bullet3-2.86.1/src" />
			<Add directory="../LunaLibs/media/fluidsynth-emscripten/include" />
			<Add directory="../LunaLibs/media/fluidsynth-emscripten/" />
			<Add directory="../LunaLibs/SparkEngine/src" />
			<Add directory="../LunaLibs/SparkEngine/include" />
			<Add directory="../LunaLibs/PolyVox/library/PolyVoxCore/include" />
		</Compiler>
		<Linker>
			<Add option="`pkg-config gtk+-2.0 --libs`" />
			<Add library="GL" />
			<Add library="fluidsynth" />
			<Add library="openal" />
			<Add library="Xxf86vm" />
			<Add library="X11" />
			<Add library="irrNetLite22" />
			<Add library="enet" />
			<Add library="python2.7" />
			<Add library="IrrOpenSteer" />
			<Add library="pthread" />
			<Add library="theora" />
			<Add library="theoraplayer" />
			<Add library="assimp" />
			<Add library="usb" />
			<Add library="boost_thread" />
			<Add library="boost_system" />
			<Add library="sqlite3" />
			<Add library="asound" />
			<Add library="jack" />
			<Add library="ogg" />
			<Add library="vorbis" />
			<Add library="vorbisfile" />
			<Add library="cAudio" />
			<Add library="pulse" />
			<Add library="readline" />
			<Add library="sndfile" />
			<Add library="pulse-simple" />
			<Add library="gmodule-2.0" />
			<Add library="dbus-1" />
			<Add library="PolyVoxCore" />
			<Add library="Irrlicht" />
			<Add library="BulletSoftBody" />
			<Add library="BulletDynamics" />
			<Add library="BulletCollision" />
			<Add library="LinearMath" />
			<Add library="freetype" />
			<Add library="z" />
			<Add library="dl" />
			<Add library="SPARK" />
			<Add library="SPARK_IRR" />
			<Add directory="../LunaLibs/freetype-2.3.9/objs/.libs" />
			<Add directory="../LunaLibs/net/enet-1.2.1" />
			<Add directory="../LunaLibs/irrlicht-1.8.4/lib/Linux" />
			<Add directory="../LunaLibs/Compiled/Linux" />
			<Add directory="../LunaLibs/libtheoraplayer/bin/Linux" />
			<Add directory="../LunaLibs/net/irrNetLite22" />
			<Add directory="../LunaLibs/libIrrOpenSteer_10-02-15/lib" />
			<Add directory="./entities/AI/recast/DebugUtils/Include/" />
			<Add directory="../LunaLibs/assimp-3.3.1/lib" />
			<Add directory="../LunaLibs/zlib-1.2.3" />
			<Add directory="../LunaLibs/libtheoraplayer/" />
			<Add directory="../LunaLibs/cAudio23/cAudio/bin/gcc" />
			<Add directory="../LunaLibs/bullet3-2.86.1/src/BulletDynamics" />
			<Add directory="../LunaLibs/bullet3-2.86.1/src/BulletSoftBody" />
			<Add directory="../LunaLibs/bullet3-2.86.1/src/BulletCollision" />
			<Add directory="../LunaLibs/bullet3-2.86.1/src/LinearMath" />
			<Add directory="../LunaLibs/SparkEngine/lib/Linux/static" />
			<Add directory="../LunaLibs/PolyVox/library/PolyVoxCore" />
			<Add directory="../LunaLibs/media/fluidsynth-emscripten/src" />
		</Linker>
		<Unit filename="microtar/src/microtar-stdio.c">
			<Option compilerVar="CC" />
		</Unit>
		<Unit filename="microtar/src/microtar-stdio.h" />
		<Unit filename="microtar/src/microtar.c">
			<Option compilerVar="CC" />
		</Unit>
		<Unit filename="microtar/src/microtar.h" />
		<Extensions>
			<DoxyBlocks>
				<comment_style block="0" line="0" />
				<doxyfile_project />
				<doxyfile_build />
				<doxyfile_warnings />
				<doxyfile_output />
				<doxyfile_dot />
				<general />
			</DoxyBlocks>
		</Extensions>
	</Project>
</CodeBlocks_project_file>
