
Microsoft Visual Studio Solution File, Format Version 10.00
# Visual C++ Express 2008
Project("{8BC9CEB8-8B4A-11D0-8D11-00A0C91BC942}") = "theora_static", "theora_static.vcproj", "{04136E9C-5259-4681-BB49-AB1A5A525C0D}"
EndProject
Global
	GlobalSection(SolutionConfigurationPlatforms) = preSolution
		Debug|Win32 = Debug|Win32
		Release|Win32 = Release|Win32
	EndGlobalSection
	GlobalSection(ProjectConfigurationPlatforms) = postSolution
		{04136E9C-5259-4681-BB49-AB1A5A525C0D}.Debug|Win32.ActiveCfg = Debug|Win32
		{04136E9C-5259-4681-BB49-AB1A5A525C0D}.Debug|Win32.Build.0 = Debug|Win32
		{04136E9C-5259-4681-BB49-AB1A5A525C0D}.Release|Win32.ActiveCfg = Release|Win32
		{04136E9C-5259-4681-BB49-AB1A5A525C0D}.Release|Win32.Build.0 = Release|Win32
	EndGlobalSection
	GlobalSection(SolutionProperties) = preSolution
		HideSolutionNode = FALSE
	EndGlobalSection
EndGlobal
