<?xml version="1.0" encoding="UTF-8" standalone="yes" ?>
<CodeBlocks_project_file>
	<FileVersion major="1" minor="6" />
	<Project>
		<Option title="libtar" />
		<Option pch_mode="2" />
		<Option compiler="gcc" />
		<Build>
			<Target title="Debug Win32">
				<Option output="tar" prefix_auto="1" extension_auto="1" />
				<Option working_dir="" />
				<Option object_output="Win32/Debug Win32" />
				<Option type="2" />
				<Option compiler="gcc" />
				<Option createDefFile="1" />
				<Compiler>
					<Add option="-Wall" />
					<Add option="-g" />
					<Add option="-O0" />
					<Add option="-DWIN32" />
					<Add option="-D_DEBUG" />
					<Add option="-D_WINDOWS" />
					<Add option="-D_USRDLL" />
					<Add option="-DLIBOGG_EXPORTS" />
					<Add directory="include" />
				</Compiler>
				<ResourceCompiler>
					<Add directory="include" />
				</ResourceCompiler>
			</Target>
			<Target title="Debug x64">
				<Option output="tar" prefix_auto="1" extension_auto="1" />
				<Option working_dir="" />
				<Option object_output="Win32/Debug x64" />
				<Option type="2" />
				<Option compiler="gcc" />
				<Option createDefFile="1" />
				<Compiler>
					<Add option="-DWIN32" />
					<Add option="-D_DEBUG" />
					<Add option="-D_WINDOWS" />
					<Add option="-D_USRDLL" />
					<Add option="-DLIBOGG_EXPORTS" />
					<Add option="-Wall" />
					<Add option="-O0" />
					<Add directory="include" />
				</Compiler>
				<ResourceCompiler>
					<Add directory="include" />
				</ResourceCompiler>
			</Target>
			<Target title="Release Win32">
				<Option output="tar" prefix_auto="1" extension_auto="1" />
				<Option working_dir="" />
				<Option object_output="Win32/Release Win32" />
				<Option type="2" />
				<Option compiler="gcc" />
				<Option createDefFile="1" />
				<Compiler>
					<Add option="-DWIN32" />
					<Add option="-DNDEBUG" />
					<Add option="-D_WINDOWS" />
					<Add option="-D_USRDLL" />
					<Add option="-DLIBOGG_EXPORTS" />
					<Add option="-Wall" />
					<Add option="-O3" />
					<Add directory="include" />
				</Compiler>
				<ResourceCompiler>
					<Add directory="include" />
				</ResourceCompiler>
			</Target>
			<Target title="Release x64">
				<Option output="tar" prefix_auto="1" extension_auto="1" />
				<Option working_dir="" />
				<Option object_output="Win32/Release x64" />
				<Option type="2" />
				<Option compiler="gcc" />
				<Option createDefFile="1" />
				<Compiler>
					<Add option="-DWIN32" />
					<Add option="-DNDEBUG" />
					<Add option="-D_WINDOWS" />
					<Add option="-D_USRDLL" />
					<Add option="-DLIBOGG_EXPORTS" />
					<Add option="-Wall" />
					<Add option="-O3" />
					<Add directory="include" />
				</Compiler>
				<ResourceCompiler>
					<Add directory="include" />
				</ResourceCompiler>
			</Target>
		</Build>
		<Compiler>
			<Add option="-fPIC" />
			<Add directory="../include" />
			<Add directory="include" />
			<Add directory="../" />
			<Add directory="../compat" />
			<Add directory="../lib" />
		</Compiler>
		<Unit filename="../lib/Makefile" />
		<Unit filename="../lib/Makefile.in" />
		<Unit filename="../lib/block.c">
			<Option compilerVar="CC" />
		</Unit>
		<Unit filename="../lib/decode.c">
			<Option compilerVar="CC" />
		</Unit>
		<Unit filename="../lib/encode.c">
			<Option compilerVar="CC" />
		</Unit>
		<Unit filename="../lib/extract.c">
			<Option compilerVar="CC" />
		</Unit>
		<Unit filename="../lib/features.h" />
		<Unit filename="../lib/handle.c">
			<Option compilerVar="CC" />
		</Unit>
		<Unit filename="../lib/internal.h" />
		<Unit filename="../lib/libtar.h" />
		<Unit filename="../lib/libtar_listhash.h" />
		<Unit filename="../lib/output.c">
			<Option compilerVar="CC" />
		</Unit>
		<Unit filename="../lib/tar.h" />
		<Unit filename="../lib/util.c">
			<Option compilerVar="CC" />
		</Unit>
		<Unit filename="../lib/wrapper.c">
			<Option compilerVar="CC" />
		</Unit>
		<Unit filename="libtar.c">
			<Option compilerVar="CC" />
		</Unit>
		<Extensions />
	</Project>
</CodeBlocks_project_file>
