<?xml version="1.0" encoding="UTF-8" standalone="yes" ?>
<CodeBlocks_project_file>
	<FileVersion major="1" minor="6" />
	<Project>
		<Option title="libvorbisfile" />
		<Option pch_mode="2" />
		<Option compiler="gcc" />
		<Build>
			<Target title="Debug Win32">
				<Option output="vorbisfile" prefix_auto="1" extension_auto="1" />
				<Option object_output="Win32/Debug Win32" />
				<Option type="3" />
				<Option compiler="gcc" />
				<Option createDefFile="1" />
				<Option createStaticLib="1" />
				<Compiler>
					<Add option="-fPIC" />
					<Add option="-g" />
					<Add option="-W" />
					<Add option="-O0" />
					<Add option="-DWIN32" />
					<Add option="-D_DEBUG" />
					<Add option="-D_WINDOWS" />
					<Add option="-D_USRDLL" />
					<Add option="-DLIBVORBISFILE_EXPORTS" />
					<Add directory="include" />
					<Add directory="../libogg-1.1.4/include" />
				</Compiler>
				<ResourceCompiler>
					<Add directory="include" />
					<Add directory="../libogg/include" />
				</ResourceCompiler>
				<Linker>
					<Add library="libogg" />
					<Add library="libvorbis" />
					<Add directory="../libogg-1.1.4" />
					<Add directory="../Win32/Debug Win32" />
					<Add directory="../libvorbis-1.2.3" />
				</Linker>
			</Target>
			<Target title="Debug x64">
				<Option output="vorbisfile" prefix_auto="1" extension_auto="1" />
				<Option object_output="Win32/Debug x64" />
				<Option type="3" />
				<Option compiler="gcc" />
				<Option createDefFile="1" />
				<Option createStaticLib="1" />
				<Compiler>
					<Add option="-DWIN32" />
					<Add option="-D_DEBUG" />
					<Add option="-D_WINDOWS" />
					<Add option="-D_USRDLL" />
					<Add option="-DLIBVORBISFILE_EXPORTS" />
					<Add option="-W" />
					<Add option="-O0" />
					<Add directory="include" />
					<Add directory="../libogg/include" />
				</Compiler>
				<ResourceCompiler>
					<Add directory="include" />
					<Add directory="../libogg/include" />
				</ResourceCompiler>
				<Linker>
					<Add library="libogg" />
					<Add library="libvorbis" />
					<Add directory="../libogg/win32/VS2008/Win32/Debug x64" />
					<Add directory="../Win32/Debug x64" />
				</Linker>
			</Target>
			<Target title="Release Win32">
				<Option output="vorbisfile" prefix_auto="1" extension_auto="1" />
				<Option object_output="Win32/Release Win32" />
				<Option type="3" />
				<Option compiler="gcc" />
				<Option createDefFile="1" />
				<Option createStaticLib="1" />
				<Compiler>
					<Add option="-DWIN32" />
					<Add option="-DNDEBUG" />
					<Add option="-D_WINDOWS" />
					<Add option="-D_USRDLL" />
					<Add option="-DLIBVORBISFILE_EXPORTS" />
					<Add option="-W" />
					<Add directory="include" />
					<Add directory="../libogg/include" />
				</Compiler>
				<ResourceCompiler>
					<Add directory="include" />
					<Add directory="../libogg/include" />
				</ResourceCompiler>
				<Linker>
					<Add library="libogg" />
					<Add library="libvorbis" />
					<Add directory="../libogg/win32/VS2008/Win32/Release Win32" />
					<Add directory="../Win32/Release Win32" />
				</Linker>
			</Target>
			<Target title="Release x64">
				<Option output="vorbisfile" prefix_auto="1" extension_auto="1" />
				<Option object_output="Win32/Release x64" />
				<Option type="3" />
				<Option compiler="gcc" />
				<Option createDefFile="1" />
				<Option createStaticLib="1" />
				<Compiler>
					<Add option="-W" />
					<Add option="-DWIN32" />
					<Add option="-DNDEBUG" />
					<Add option="-D_WINDOWS" />
					<Add option="-D_USRDLL" />
					<Add option="-DLIBVORBISFILE_EXPORTS" />
					<Add directory="include" />
					<Add directory="../libogg/include" />
					<Add directory="../libogg-1.1.4/include" />
				</Compiler>
				<ResourceCompiler>
					<Add directory="include" />
					<Add directory="../libogg/include" />
				</ResourceCompiler>
				<Linker>
					<Add library="libogg" />
					<Add library="libvorbis" />
					<Add directory="../libogg/win32/VS2008/Win32/Release x64" />
					<Add directory="../Win32/Release x64" />
					<Add directory="../libogg-1.1.4" />
					<Add directory="../libvorbis-1.2.3" />
				</Linker>
			</Target>
			<Target title="Release_SSE Win32">
				<Option output="vorbisfile" prefix_auto="1" extension_auto="1" />
				<Option object_output="Win32/Release_SSE Win32" />
				<Option type="3" />
				<Option compiler="gcc" />
				<Option createDefFile="1" />
				<Option createStaticLib="1" />
				<Compiler>
					<Add option="-DWIN32" />
					<Add option="-DNDEBUG" />
					<Add option="-D_WINDOWS" />
					<Add option="-D_USRDLL" />
					<Add option="-DLIBVORBISFILE_EXPORTS" />
					<Add option="-W" />
					<Add directory="include" />
					<Add directory="../libogg/include" />
				</Compiler>
				<ResourceCompiler>
					<Add directory="include" />
					<Add directory="../libogg/include" />
				</ResourceCompiler>
				<Linker>
					<Add library="libogg" />
					<Add library="libvorbis" />
					<Add directory="../libogg/win32/VS2008/Win32/Release_SSE Win32" />
					<Add directory="../Win32/Release_SSE Win32" />
				</Linker>
			</Target>
			<Target title="Release_SSE x64">
				<Option output="vorbisfile" prefix_auto="1" extension_auto="1" />
				<Option object_output="Win32/Release_SSE x64" />
				<Option type="3" />
				<Option compiler="gcc" />
				<Option createDefFile="1" />
				<Option createStaticLib="1" />
				<Compiler>
					<Add option="-DWIN32" />
					<Add option="-DNDEBUG" />
					<Add option="-D_WINDOWS" />
					<Add option="-D_USRDLL" />
					<Add option="-DLIBVORBISFILE_EXPORTS" />
					<Add option="-W" />
					<Add directory="include" />
					<Add directory="../libogg/include" />
				</Compiler>
				<ResourceCompiler>
					<Add directory="include" />
					<Add directory="../libogg/include" />
				</ResourceCompiler>
				<Linker>
					<Add library="libogg" />
					<Add library="libvorbis" />
					<Add directory="../libogg/win32/VS2008/Win32/Release_SSE x64" />
					<Add directory="../Win32/Release_SSE x64" />
				</Linker>
			</Target>
			<Target title="Release_SSE2 Win32">
				<Option output="vorbisfile" prefix_auto="1" extension_auto="1" />
				<Option object_output="Win32/Release_SSE2 Win32" />
				<Option type="3" />
				<Option compiler="gcc" />
				<Option createDefFile="1" />
				<Option createStaticLib="1" />
				<Compiler>
					<Add option="-DWIN32" />
					<Add option="-DNDEBUG" />
					<Add option="-D_WINDOWS" />
					<Add option="-D_USRDLL" />
					<Add option="-DLIBVORBISFILE_EXPORTS" />
					<Add option="-W" />
					<Add directory="include" />
					<Add directory="../libogg/include" />
				</Compiler>
				<ResourceCompiler>
					<Add directory="include" />
					<Add directory="../libogg/include" />
				</ResourceCompiler>
				<Linker>
					<Add library="libogg" />
					<Add library="libvorbis" />
					<Add directory="../libogg/win32/VS2008/Win32/Release_SSE2 Win32" />
					<Add directory="../Win32/Release_SSE2 Win32" />
				</Linker>
			</Target>
			<Target title="Release_SSE2 x64">
				<Option output="vorbisfile" prefix_auto="1" extension_auto="1" />
				<Option object_output="Win32/Release_SSE2 x64" />
				<Option type="3" />
				<Option compiler="gcc" />
				<Option createDefFile="1" />
				<Option createStaticLib="1" />
				<Compiler>
					<Add option="-DWIN32" />
					<Add option="-DNDEBUG" />
					<Add option="-D_WINDOWS" />
					<Add option="-D_USRDLL" />
					<Add option="-DLIBVORBISFILE_EXPORTS" />
					<Add option="-W" />
					<Add directory="include" />
					<Add directory="../libogg/include" />
				</Compiler>
				<ResourceCompiler>
					<Add directory="include" />
					<Add directory="../libogg/include" />
				</ResourceCompiler>
				<Linker>
					<Add library="libogg" />
					<Add library="libvorbis" />
					<Add directory="../libogg/win32/VS2008/Win32/Release_SSE2 x64" />
					<Add directory="../Win32/Release_SSE2 x64" />
				</Linker>
			</Target>
			<Target title="Linux32">
				<Option output="vorbisfile" prefix_auto="1" extension_auto="1" />
				<Option working_dir="" />
				<Option object_output="Win32/Debug Win32" />
				<Option type="2" />
				<Option compiler="gcc" />
				<Option createDefFile="1" />
				<Compiler>
					<Add option="-g" />
					<Add option="-W" />
					<Add option="-O0" />
					<Add option="-fPIC" />
					<Add option="-DWIN32" />
					<Add option="-D_DEBUG" />
					<Add option="-D_WINDOWS" />
					<Add option="-D_USRDLL" />
					<Add option="-DLIBVORBISFILE_EXPORTS" />
					<Add directory="include" />
					<Add directory="../libogg-1.1.4/include" />
				</Compiler>
				<ResourceCompiler>
					<Add directory="include" />
					<Add directory="../libogg/include" />
				</ResourceCompiler>
				<Linker>
					<Add library="libogg" />
					<Add library="libvorbis" />
					<Add directory="../libogg-1.1.4" />
					<Add directory="../Win32/Debug Win32" />
					<Add directory="../libvorbis-1.2.3" />
				</Linker>
			</Target>
			<Target title="Linux64">
				<Option output="vorbisfile" prefix_auto="1" extension_auto="1" />
				<Option working_dir="" />
				<Option object_output="Win32/Debug Win32" />
				<Option type="2" />
				<Option compiler="gcc" />
				<Option createDefFile="1" />
				<Compiler>
					<Add option="-g" />
					<Add option="-W" />
					<Add option="-O0" />
					<Add option="-fPIC" />
					<Add option="-DWIN32" />
					<Add option="-D_DEBUG" />
					<Add option="-D_WINDOWS" />
					<Add option="-D_USRDLL" />
					<Add option="-DLIBVORBISFILE_EXPORTS" />
					<Add directory="include" />
					<Add directory="../libogg-1.1.4/include" />
				</Compiler>
				<ResourceCompiler>
					<Add directory="include" />
					<Add directory="../libogg/include" />
				</ResourceCompiler>
				<Linker>
					<Add library="libogg" />
					<Add library="libvorbis" />
					<Add directory="../libogg-1.1.4" />
					<Add directory="../Win32/Debug Win32" />
					<Add directory="../libvorbis-1.2.3" />
				</Linker>
			</Target>
			<Target title="emscripten">
				<Option output="../emlibs/vorbisfile" prefix_auto="1" extension_auto="1" />
				<Option working_dir="" />
				<Option object_output="Win32/Debug Win32" />
				<Option type="2" />
				<Option compiler="emscripten" />
				<Option createDefFile="1" />
				<Compiler>
					<Add option="-fPIC" />
					<Add option="-g" />
					<Add option="-W" />
					<Add option="-O0" />
					<Add option="-DWIN32" />
					<Add option="-D_DEBUG" />
					<Add option="-D_WINDOWS" />
					<Add option="-D_USRDLL" />
					<Add option="-DLIBVORBISFILE_EXPORTS" />
					<Add directory="include" />
					<Add directory="../libogg-1.1.4/include" />
				</Compiler>
				<ResourceCompiler>
					<Add directory="include" />
					<Add directory="../libogg/include" />
				</ResourceCompiler>
				<Linker>
					<Add library="libogg" />
					<Add library="libvorbis" />
					<Add directory="../libogg-1.1.4" />
					<Add directory="../Win32/Debug Win32" />
					<Add directory="../libvorbis-1.2.3" />
				</Linker>
			</Target>
		</Build>
		<Unit filename="include/vorbis/vorbisfile.h" />
		<Unit filename="lib/vorbisfile.c">
			<Option compilerVar="CC" />
		</Unit>
		<Extensions />
	</Project>
</CodeBlocks_project_file>
