<?xml version="1.0" encoding="UTF-8" standalone="yes" ?>
<CodeBlocks_project_file>
	<FileVersion major="1" minor="6" />
	<Project>
		<Option title="vorbisenc" />
		<Option pch_mode="2" />
		<Option compiler="gcc" />
		<Build>
			<Target title="Debug Win32">
				<Option output="$(SolutionDir)Win32\Debug Win32\vorbisenc" prefix_auto="1" extension_auto="1" />
				<Option object_output="Win32\Debug Win32" />
				<Option type="1" />
				<Option compiler="gcc" />
				<Compiler>
					<Add option="-DWIN32" />
					<Add option="-D_DEBUG" />
					<Add option="-D_CONSOLE" />
					<Add option="-Wall" />
					<Add option="-g" />
					<Add option="-O0" />
					<Add directory="..\..\..\include" />
					<Add directory="..\..\..\..\libogg\include" />
				</Compiler>
				<ResourceCompiler>
					<Add directory="..\..\..\include" />
					<Add directory="..\..\..\..\libogg\include" />
				</ResourceCompiler>
				<Linker>
					<Add library="libogg" />
					<Add library="libvorbis" />
					<Add directory="..\..\..\..\libogg\win32\VS2005\Win32\Debug Win32" />
					<Add directory="..\Win32\Debug Win32" />
				</Linker>
			</Target>
			<Target title="Release Win32">
				<Option output="$(SolutionDir)Win32\Release Win32\vorbisenc" prefix_auto="1" extension_auto="1" />
				<Option object_output="Win32\Release Win32" />
				<Option type="1" />
				<Option compiler="gcc" />
				<Compiler>
					<Add option="-DWIN32" />
					<Add option="-DNDEBUG" />
					<Add option="-D_CONSOLE" />
					<Add option="-Wall" />
					<Add option="-O3" />
					<Add directory="..\..\..\include" />
					<Add directory="..\..\..\..\libogg\include" />
				</Compiler>
				<ResourceCompiler>
					<Add directory="..\..\..\include" />
					<Add directory="..\..\..\..\libogg\include" />
				</ResourceCompiler>
				<Linker>
					<Add library="libogg" />
					<Add library="libvorbis" />
					<Add directory="..\..\..\..\libogg\win32\VS2005\Win32\Release Win32" />
					<Add directory="..\Win32\Release Win32" />
				</Linker>
			</Target>
			<Target title="Release_SSE Win32">
				<Option output="$(SolutionDir)Win32\Release_SSE Win32\vorbisenc" prefix_auto="1" extension_auto="1" />
				<Option object_output="Win32\Release_SSE Win32" />
				<Option type="1" />
				<Option compiler="gcc" />
				<Compiler>
					<Add option="-DWIN32" />
					<Add option="-DNDEBUG" />
					<Add option="-D_CONSOLE" />
					<Add option="-Wall" />
					<Add option="-O3" />
					<Add directory="..\..\..\include" />
					<Add directory="..\..\..\..\libogg\include" />
				</Compiler>
				<ResourceCompiler>
					<Add directory="..\..\..\include" />
					<Add directory="..\..\..\..\libogg\include" />
				</ResourceCompiler>
				<Linker>
					<Add library="libogg" />
					<Add library="libvorbis" />
					<Add directory="..\..\..\..\libogg\win32\VS2005\Win32\Release_SSE Win32" />
					<Add directory="..\Win32\Release_SSE Win32" />
				</Linker>
			</Target>
		</Build>
		<Unit filename="..\..\..\examples\encoder_example.c">
			<Option compilerVar="CC" />
		</Unit>
		<Extensions>
			<code_completion />
			<debugger />
		</Extensions>
	</Project>
</CodeBlocks_project_file>
