<?xml version="1.0" encoding="UTF-8" standalone="yes" ?>
<CodeBlocks_project_file>
	<FileVersion major="1" minor="6" />
	<Project>
		<Option title="Irrlicht Pong" />
		<Option pch_mode="0" />
		<Option compiler="gcc" />
		<Build>
			<Target title="default">
				<Option output="./fluidsynth" prefix_auto="0" extension_auto="0" />
				<Option type="0" />
				<Option compiler="gcc" />
				<Option projectResourceIncludeDirsRelation="1" />
			</Target>
		</Build>
		<VirtualTargets>
			<Add alias="All" targets="default;" />
		</VirtualTargets>
		<Compiler>
			<Add option="-fPIC" />
			<Add option="-I/usr/include/atk-1.0 -I/usr/include/pango-1.0" />
			<Add option="-I/usr/include/pixman-1" />
			<Add option="`pkg-config gtk+-2.0 --cflags`" />
			<Add option="`wx-config --cflags --gl-libs`" />
			<Add directory="/home/Dev/libs/game/Irrlicht-SVN/include" />
			<Add directory="../include/fluidsynth" />
			<Add directory="utils" />
			<Add directory="midi" />
			<Add directory="drivers" />
			<Add directory="bindings" />
			<Add directory="synth" />
			<Add directory="rvoice" />
			<Add directory="sfloader" />
			<Add directory="./" />
		</Compiler>
		<Linker>
			<Add option="`pkg-config gtk+-2.0 --libs`" />
			<Add library="GL" />
			<Add library="Irrlicht" />
			<Add library="Xxf86vm" />
			<Add library="X11" />
			<Add library="sndfile" />
			<Add library="openal" />
			<Add library="readline" />
			<Add library="./libfluidsynth.so" />
			<Add library="jack" />
			<Add library="pthread" />
			<Add directory="/home/Dev/libs/game/Irrlicht-SVN/lib/Linux" />
		</Linker>
		<Unit filename="bindings/fluid_cmd.c">
			<Option compilerVar="CC" />
		</Unit>
		<Unit filename="bindings/fluid_cmd.h" />
		<Unit filename="bindings/fluid_filerenderer.c">
			<Option compilerVar="CC" />
		</Unit>
		<Unit filename="bindings/fluid_ladspa.c">
			<Option compilerVar="CC" />
		</Unit>
		<Unit filename="bindings/fluid_ladspa.h" />
		<Unit filename="config.h" />
		<Unit filename="drivers/fluid_adriver.c">
			<Option compilerVar="CC" />
		</Unit>
		<Unit filename="drivers/fluid_adriver.h" />
		<Unit filename="drivers/fluid_aufile.c">
			<Option compilerVar="CC" />
		</Unit>
		<Unit filename="drivers/fluid_mdriver.c">
			<Option compilerVar="CC" />
		</Unit>
		<Unit filename="drivers/fluid_mdriver.h" />
		<Unit filename="fluidsynth.c">
			<Option compilerVar="CC" />
		</Unit>
		<Unit filename="midi/fluid_midi.c">
			<Option compilerVar="CC" />
		</Unit>
		<Unit filename="midi/fluid_midi.h" />
		<Unit filename="midi/fluid_midi_router.c">
			<Option compilerVar="CC" />
		</Unit>
		<Unit filename="midi/fluid_midi_router.h" />
		<Unit filename="midi/fluid_seq.c">
			<Option compilerVar="CC" />
		</Unit>
		<Unit filename="midi/fluid_seqbind.c">
			<Option compilerVar="CC" />
		</Unit>
		<Unit filename="rvoice/fluid_adsr_env.c">
			<Option compilerVar="CC" />
		</Unit>
		<Unit filename="rvoice/fluid_adsr_env.h" />
		<Unit filename="rvoice/fluid_chorus.c">
			<Option compilerVar="CC" />
		</Unit>
		<Unit filename="rvoice/fluid_chorus.h" />
		<Unit filename="rvoice/fluid_iir_filter.c">
			<Option compilerVar="CC" />
		</Unit>
		<Unit filename="rvoice/fluid_iir_filter.h" />
		<Unit filename="rvoice/fluid_lfo.c">
			<Option compilerVar="CC" />
		</Unit>
		<Unit filename="rvoice/fluid_lfo.h" />
		<Unit filename="rvoice/fluid_phase.h" />
		<Unit filename="rvoice/fluid_rev.c">
			<Option compilerVar="CC" />
		</Unit>
		<Unit filename="rvoice/fluid_rev.h" />
		<Unit filename="rvoice/fluid_rvoice.c">
			<Option compilerVar="CC" />
		</Unit>
		<Unit filename="rvoice/fluid_rvoice.h" />
		<Unit filename="rvoice/fluid_rvoice_dsp.c">
			<Option compilerVar="CC" />
		</Unit>
		<Unit filename="rvoice/fluid_rvoice_event.c">
			<Option compilerVar="CC" />
		</Unit>
		<Unit filename="rvoice/fluid_rvoice_event.h" />
		<Unit filename="rvoice/fluid_rvoice_mixer.c">
			<Option compilerVar="CC" />
		</Unit>
		<Unit filename="rvoice/fluid_rvoice_mixer.h" />
		<Unit filename="sfloader/fluid_defsfont.c">
			<Option compilerVar="CC" />
		</Unit>
		<Unit filename="sfloader/fluid_defsfont.h" />
		<Unit filename="sfloader/fluid_ramsfont.c">
			<Option compilerVar="CC" />
		</Unit>
		<Unit filename="sfloader/fluid_ramsfont.h" />
		<Unit filename="sfloader/fluid_samplecache.c">
			<Option compilerVar="CC" />
		</Unit>
		<Unit filename="sfloader/fluid_samplecache.h" />
		<Unit filename="sfloader/fluid_sffile.c">
			<Option compilerVar="CC" />
		</Unit>
		<Unit filename="sfloader/fluid_sffile.h" />
		<Unit filename="sfloader/fluid_sfont.c">
			<Option compilerVar="CC" />
		</Unit>
		<Unit filename="sfloader/fluid_sfont.h" />
		<Unit filename="synth/fluid_chan.c">
			<Option compilerVar="CC" />
		</Unit>
		<Unit filename="synth/fluid_chan.h" />
		<Unit filename="synth/fluid_event.c">
			<Option compilerVar="CC" />
		</Unit>
		<Unit filename="synth/fluid_event_priv.h" />
		<Unit filename="synth/fluid_gen.c">
			<Option compilerVar="CC" />
		</Unit>
		<Unit filename="synth/fluid_gen.h" />
		<Unit filename="synth/fluid_mod.c">
			<Option compilerVar="CC" />
		</Unit>
		<Unit filename="synth/fluid_mod.h" />
		<Unit filename="synth/fluid_synth.c">
			<Option compilerVar="CC" />
		</Unit>
		<Unit filename="synth/fluid_synth.h" />
		<Unit filename="synth/fluid_synth_monopoly.c">
			<Option compilerVar="CC" />
		</Unit>
		<Unit filename="synth/fluid_tuning.c">
			<Option compilerVar="CC" />
		</Unit>
		<Unit filename="synth/fluid_tuning.h" />
		<Unit filename="synth/fluid_voice.c">
			<Option compilerVar="CC" />
		</Unit>
		<Unit filename="synth/fluid_voice.h" />
		<Unit filename="utils/fluid_conv.c">
			<Option compilerVar="CC" />
		</Unit>
		<Unit filename="utils/fluid_conv.h" />
		<Unit filename="utils/fluid_hash.c">
			<Option compilerVar="CC" />
		</Unit>
		<Unit filename="utils/fluid_hash.h" />
		<Unit filename="utils/fluid_list.c">
			<Option compilerVar="CC" />
		</Unit>
		<Unit filename="utils/fluid_list.h" />
		<Unit filename="utils/fluid_ringbuffer.c">
			<Option compilerVar="CC" />
		</Unit>
		<Unit filename="utils/fluid_ringbuffer.h" />
		<Unit filename="utils/fluid_settings.c">
			<Option compilerVar="CC" />
		</Unit>
		<Unit filename="utils/fluid_settings.h" />
		<Unit filename="utils/fluid_sys.c">
			<Option compilerVar="CC" />
		</Unit>
		<Unit filename="utils/fluid_sys.h" />
		<Unit filename="utils/fluidsynth_priv.h" />
		<Extensions>
			<code_completion />
			<debugger />
			<envvars />
		</Extensions>
	</Project>
</CodeBlocks_project_file>
